
Microsoft Visual Studio Solution File, Format Version 12.00
# Visual Studio Version 17
VisualStudioVersion = 17.8.34309.116
MinimumVisualStudioVersion = 10.0.40219.1
Project("{9A19103F-16F7-4668-BE54-9A1E7A4F7556}") = "SimpleCalculatorWeblinux", "SimpleCalculatorWeblinux.csproj", "{2DED46E9-03F9-4417-97E9-2C9460586CB7}"
EndProject
Project("{FAE04EC0-301F-11D3-BF4B-00C04F79EFBC}") = "Simplewebcalculator_tests", "..\Simplewebcalculator_tests\Simplewebcalculator_tests.csproj", "{0D31DF20-07D2-418D-818A-957E0122BC8A}"
EndProject
Global
	GlobalSection(SolutionConfigurationPlatforms) = preSolution
		Debug|Any CPU = Debug|Any CPU
		Release|Any CPU = Release|Any CPU
	EndGlobalSection
	GlobalSection(ProjectConfigurationPlatforms) = postSolution
		{2DED46E9-03F9-4417-97E9-2C9460586CB7}.Debug|Any CPU.ActiveCfg = Debug|Any CPU
		{2DED46E9-03F9-4417-97E9-2C9460586CB7}.Debug|Any CPU.Build.0 = Debug|Any CPU
		{2DED46E9-03F9-4417-97E9-2C9460586CB7}.Release|Any CPU.ActiveCfg = Release|Any CPU
		{2DED46E9-03F9-4417-97E9-2C9460586CB7}.Release|Any CPU.Build.0 = Release|Any CPU
		{0D31DF20-07D2-418D-818A-957E0122BC8A}.Debug|Any CPU.ActiveCfg = Debug|Any CPU
		{0D31DF20-07D2-418D-818A-957E0122BC8A}.Debug|Any CPU.Build.0 = Debug|Any CPU
		{0D31DF20-07D2-418D-818A-957E0122BC8A}.Release|Any CPU.ActiveCfg = Release|Any CPU
		{0D31DF20-07D2-418D-818A-957E0122BC8A}.Release|Any CPU.Build.0 = Release|Any CPU
	EndGlobalSection
	GlobalSection(SolutionProperties) = preSolution
		HideSolutionNode = FALSE
	EndGlobalSection
	GlobalSection(ExtensibilityGlobals) = postSolution
		SolutionGuid = {3761E0C6-BDF0-418D-B594-1739DDCAA0E6}
	EndGlobalSection
EndGlobal
